// !$*UTF8*$!
{
	archiveVersion = 1;
	classes = {
	};
	objectVersion = 48;
	objects = {

/* Begin PBXBuildFile section */
		75BFAFE41EFB5EA6000D7781 /* AppDelegate.swift in Sources */ = {isa = PBXBuildFile; fileRef = 75BFAFE31EFB5EA6000D7781 /* AppDelegate.swift */; };
		75BFAFE61EFB5EA6000D7781 /* ViewController.swift in Sources */ = {isa = PBXBuildFile; fileRef = 75BFAFE51EFB5EA6000D7781 /* ViewController.swift */; };
		75BFAFE91EFB5EA6000D7781 /* Main.storyboard in Resources */ = {isa = PBXBuildFile; fileRef = 75BFAFE71EFB5EA6000D7781 /* Main.storyboard */; };
		75BFAFEB1EFB5EA6000D7781 /* Assets.xcassets in Resources */ = {isa = PBXBuildFile; fileRef = 75BFAFEA1EFB5EA6000D7781 /* Assets.xcassets */; };
		75BFAFEE1EFB5EA6000D7781 /* LaunchScreen.storyboard in Resources */ = {isa = PBXBuildFile; fileRef = 75BFAFEC1EFB5EA6000D7781 /* LaunchScreen.storyboard */; };
/* End PBXBuildFile section */

/* Begin PBXFileReference section */
		75BFAFE01EFB5EA6000D7781 /* vector_test.app */ = {isa = PBXFileReference; explicitFileType = wrapper.application; includeInIndex = 0; path = vector_test.app; sourceTree = BUILT_PRODUCTS_DIR; };
		75BFAFE31EFB5EA6000D7781 /* AppDelegate.swift */ = {isa = PBXFileReference; lastKnownFileType = sourcecode.swift; path = AppDelegate.swift; sourceTree = "<group>"; };
		75BFAFE51EFB5EA6000D7781 /* ViewController.swift */ = {isa = PBXFileReference; lastKnownFileType = sourcecode.swift; path = ViewController.swift; sourceTree = "<group>"; };
		75BFAFE81EFB5EA6000D7781 /* Base */ = {isa = PBXFileReference; lastKnownFileType = file.storyboard; name = Base; path = Base.lproj/Main.storyboard; sourceTree = "<group>"; };
		75BFAFEA1EFB5EA6000D7781 /* Assets.xcassets */ = {isa = PBXFileReference; lastKnownFileType = folder.assetcatalog; path = Assets.xcassets; sourceTree = "<group>"; };
		75BFAFED1EFB5EA6000D7781 /* Base */ = {isa = PBXFileReference; lastKnownFileType = file.storyboard; name = Base; path = Base.lproj/LaunchScreen.storyboard; sourceTree = "<group>"; };
		75BFAFEF1EFB5EA6000D7781 /* Info.plist */ = {isa = PBXFileReference; lastKnownFileType = text.plist.xml; path = Info.plist; sourceTree = "<group>"; };
/* End PBXFileReference section */

/* Begin PBXFrameworksBuildPhase section */
		75BFAFDD1EFB5EA6000D7781 /* Frameworks */ = {
			isa = PBXFrameworksBuildPhase;
			buildActionMask = 2147483647;
			files = (
			);
			runOnlyForDeploymentPostprocessing = 0;
		};
/* End PBXFrameworksBuildPhase section */

/* Begin PBXGroup section */
		75BFAFD71EFB5EA6000D7781 = {
			isa = PBXGroup;
			children = (
				75BFAFE21EFB5EA6000D7781 /* vector_test */,
				75BFAFE11EFB5EA6000D7781 /* Products */,
			);
			sourceTree = "<group>";
		};
		75BFAFE11EFB5EA6000D7781 /* Products */ = {
			isa = PBXGroup;
			children = (
				75BFAFE01EFB5EA6000D7781 /* vector_test.app */,
			);
			name = Products;
			sourceTree = "<group>";
		};
		75BFAFE21EFB5EA6000D7781 /* vector_test */ = {
			isa = PBXGroup;
			children = (
				75BFAFE31EFB5EA6000D7781 /* AppDelegate.swift */,
				75BFAFE51EFB5EA6000D7781 /* ViewController.swift */,
				75BFAFE71EFB5EA6000D7781 /* Main.storyboard */,
				75BFAFEA1EFB5EA6000D7781 /* Assets.xcassets */,
				75BFAFEC1EFB5EA6000D7781 /* LaunchScreen.storyboard */,
				75BFAFEF1EFB5EA6000D7781 /* Info.plist */,
			);
			path = vector_test;
			sourceTree = "<group>";
		};
/* End PBXGroup section */

/* Begin PBXNativeTarget section */
		75BFAFDF1EFB5EA6000D7781 /* vector_test */ = {
			isa = PBXNativeTarget;
			buildConfigurationList = 75BFAFF21EFB5EA6000D7781 /* Build configuration list for PBXNativeTarget "vector_test" */;
			buildPhases = (
				75BFAFDC1EFB5EA6000D7781 /* Sources */,
				75BFAFDD1EFB5EA6000D7781 /* Frameworks */,
				75BFAFDE1EFB5EA6000D7781 /* Resources */,
			);
			buildRules = (
			);
			dependencies = (
			);
			name = vector_test;
			productName = vector_test;
			productReference = 75BFAFE01EFB5EA6000D7781 /* vector_test.app */;
			productType = "com.apple.product-type.application";
		};
/* End PBXNativeTarget section */

/* Begin PBXProject section */
		75BFAFD81EFB5EA6000D7781 /* Project object */ = {
			isa = PBXProject;
			attributes = {
				LastSwiftUpdateCheck = 0900;
				LastUpgradeCheck = 0900;
				ORGANIZATIONNAME = "Michael Nguyen";
				TargetAttributes = {
					75BFAFDF1EFB5EA6000D7781 = {
						CreatedOnToolsVersion = 9.0;
					};
				};
			};
			buildConfigurationList = 75BFAFDB1EFB5EA6000D7781 /* Build configuration list for PBXProject "vector_test" */;
			compatibilityVersion = "Xcode 8.0";
			developmentRegion = en;
			hasScannedForEncodings = 0;
			knownRegions = (
				en,
				Base,
			);
			mainGroup = 75BFAFD71EFB5EA6000D7781;
			productRefGroup = 75BFAFE11EFB5EA6000D7781 /* Products */;
			projectDirPath = "";
			projectRoot = "";
			targets = (
				75BFAFDF1EFB5EA6000D7781 /* vector_test */,
			);
		};
/* End PBXProject section */

/* Begin PBXResourcesBuildPhase section */
		75BFAFDE1EFB5EA6000D7781 /* Resources */ = {
			isa = PBXResourcesBuildPhase;
			buildActionMask = 2147483647;
			files = (
				75BFAFEE1EFB5EA6000D7781 /* LaunchScreen.storyboard in Resources */,
				75BFAFEB1EFB5EA6000D7781 /* Assets.xcassets in Resources */,
				75BFAFE91EFB5EA6000D7781 /* Main.storyboard in Resources */,
			);
			runOnlyForDeploymentPostprocessing = 0;
		};
/* End PBXResourcesBuildPhase section */

/* Begin PBXSourcesBuildPhase section */
		75BFAFDC1EFB5EA6000D7781 /* Sources */ = {
			isa = PBXSourcesBuildPhase;
			buildActionMask = 2147483647;
			files = (
				75BFAFE61EFB5EA6000D7781 /* ViewController.swift in Sources */,
				75BFAFE41EFB5EA6000D7781 /* AppDelegate.swift in Sources */,
			);
			runOnlyForDeploymentPostprocessing = 0;
		};
/* End PBXSourcesBuildPhase section */

/* Begin PBXVariantGroup section */
		75BFAFE71EFB5EA6000D7781 /* Main.storyboard */ = {
			isa = PBXVariantGroup;
			children = (
				75BFAFE81EFB5EA6000D7781 /* Base */,
			);
			name = Main.storyboard;
			sourceTree = "<group>";
		};
		75BFAFEC1EFB5EA6000D7781 /* LaunchScreen.storyboard */ = {
			isa = PBXVariantGroup;
			children = (
				75BFAFED1EFB5EA6000D7781 /* Base */,
			);
			name = LaunchScreen.storyboard;
			sourceTree = "<group>";
		};
/* End PBXVariantGroup section */

/* Begin XCBuildConfiguration section */
		75BFAFF01EFB5EA6000D7781 /* Debug */ = {
			isa = XCBuildConfiguration;
			buildSettings = {
				ALWAYS_SEARCH_USER_PATHS = NO;
				CLANG_ANALYZER_NONNULL = YES;
				CLANG_ANALYZER_NUMBER_OBJECT_CONVERSION = YES_AGGRESSIVE;
				CLANG_CXX_LANGUAGE_STANDARD = "gnu++14";
				CLANG_CXX_LIBRARY = "libc++";
				CLANG_ENABLE_MODULES = YES;
				CLANG_ENABLE_OBJC_ARC = YES;
				CLANG_WARN_BLOCK_CAPTURE_AUTORELEASING = YES;
				CLANG_WARN_BOOL_CONVERSION = YES;
				CLANG_WARN_COMMA = YES;
				CLANG_WARN_CONSTANT_CONVERSION = YES;
				CLANG_WARN_DIRECT_OBJC_ISA_USAGE = YES_ERROR;
				CLANG_WARN_DOCUMENTATION_COMMENTS = YES;
				CLANG_WARN_EMPTY_BODY = YES;
				CLANG_WARN_ENUM_CONVERSION = YES;
				CLANG_WARN_INFINITE_RECURSION = YES;
				CLANG_WARN_INT_CONVERSION = YES;
				CLANG_WARN_OBJC_ROOT_CLASS = YES_ERROR;
				CLANG_WARN_RANGE_LOOP_ANALYSIS = YES;
				CLANG_WARN_STRICT_PROTOTYPES = YES;
				CLANG_WARN_SUSPICIOUS_MOVE = YES;
				CLANG_WARN_UNGUARDED_AVAILABILITY = YES_AGGRESSIVE;
				CLANG_WARN_UNREACHABLE_CODE = YES;
				CLANG_WARN__DUPLICATE_METHOD_MATCH = YES;
				CODE_SIGN_IDENTITY = "iPhone Developer";
				COPY_PHASE_STRIP = NO;
				DEBUG_INFORMATION_FORMAT = dwarf;
				ENABLE_STRICT_OBJC_MSGSEND = YES;
				ENABLE_TESTABILITY = YES;
				GCC_C_LANGUAGE_STANDARD = gnu11;
				GCC_DYNAMIC_NO_PIC = NO;
				GCC_NO_COMMON_BLOCKS = YES;
				GCC_OPTIMIZATION_LEVEL = 0;
				GCC_PREPROCESSOR_DEFINITIONS = (
					"DEBUG=1",
					"$(inherited)",
				);
				GCC_WARN_64_TO_32_BIT_CONVERSION = YES;
				GCC_WARN_ABOUT_RETURN_TYPE = YES_ERROR;
				GCC_WARN_UNDECLARED_SELECTOR = YES;
				GCC_WARN_UNINITIALIZED_AUTOS = YES_AGGRESSIVE;
				GCC_WARN_UNUSED_FUNCTION = YES;
				GCC_WARN_UNUSED_VARIABLE = YES;
				IPHONEOS_DEPLOYMENT_TARGET = 11.0;
				MTL_ENABLE_DEBUG_INFO = YES;
				ONLY_ACTIVE_ARCH = YES;
				SDKROOT = iphoneos;
				SWIFT_ACTIVE_COMPILATION_CONDITIONS = DEBUG;
				SWIFT_OPTIMIZATION_LEVEL = "-Onone";
			};
			name = Debug;
		};
		75BFAFF11EFB5EA6000D7781 /* Release */ = {
			isa = XCBuildConfiguration;
			buildSettings = {
				ALWAYS_SEARCH_USER_PATHS = NO;
				CLANG_ANALYZER_NONNULL = YES;
				CLANG_ANALYZER_NUMBER_OBJECT_CONVERSION = YES_AGGRESSIVE;
				CLANG_CXX_LANGUAGE_STANDARD = "gnu++14";
				CLANG_CXX_LIBRARY = "libc++";
				CLANG_ENABLE_MODULES = YES;
				CLANG_ENABLE_OBJC_ARC = YES;
				CLANG_WARN_BLOCK_CAPTURE_AUTORELEASING = YES;
				CLANG_WARN_BOOL_CONVERSION = YES;
				CLANG_WARN_COMMA = YES;
				CLANG_WARN_CONSTANT_CONVERSION = YES;
				CLANG_WARN_DIRECT_OBJC_ISA_USAGE = YES_ERROR;
				CLANG_WARN_DOCUMENTATION_COMMENTS = YES;
				CLANG_WARN_EMPTY_BODY = YES;
				CLANG_WARN_ENUM_CONVERSION = YES;
				CLANG_WARN_INFINITE_RECURSION = YES;
				CLANG_WARN_INT_CONVERSION = YES;
				CLANG_WARN_OBJC_ROOT_CLASS = YES_ERROR;
				CLANG_WARN_RANGE_LOOP_ANALYSIS = YES;
				CLANG_WARN_STRICT_PROTOTYPES = YES;
				CLANG_WARN_SUSPICIOUS_MOVE = YES;
				CLANG_WARN_UNGUARDED_AVAILABILITY = YES_AGGRESSIVE;
				CLANG_WARN_UNREACHABLE_CODE = YES;
				CLANG_WARN__DUPLICATE_METHOD_MATCH = YES;
				CODE_SIGN_IDENTITY = "iPhone Developer";
				COPY_PHASE_STRIP = NO;
				DEBUG_INFORMATION_FORMAT = "dwarf-with-dsym";
				ENABLE_NS_ASSERTIONS = NO;
				ENABLE_STRICT_OBJC_MSGSEND = YES;
				GCC_C_LANGUAGE_STANDARD = gnu11;
				GCC_NO_COMMON_BLOCKS = YES;
				GCC_WARN_64_TO_32_BIT_CONVERSION = YES;
				GCC_WARN_ABOUT_RETURN_TYPE = YES_ERROR;
				GCC_WARN_UNDECLARED_SELECTOR = YES;
				GCC_WARN_UNINITIALIZED_AUTOS = YES_AGGRESSIVE;
				GCC_WARN_UNUSED_FUNCTION = YES;
				GCC_WARN_UNUSED_VARIABLE = YES;
				IPHONEOS_DEPLOYMENT_TARGET = 11.0;
				MTL_ENABLE_DEBUG_INFO = NO;
				SDKROOT = iphoneos;
				SWIFT_OPTIMIZATION_LEVEL = "-Owholemodule";
				VALIDATE_PRODUCT = YES;
			};
			name = Release;
		};
		75BFAFF31EFB5EA6000D7781 /* Debug */ = {
			isa = XCBuildConfiguration;
			buildSettings = {
				ASSETCATALOG_COMPILER_APPICON_NAME = AppIcon;
				DEVELOPMENT_TEAM = R858G3GQUV;
				INFOPLIST_FILE = vector_test/Info.plist;
				LD_RUNPATH_SEARCH_PATHS = "$(inherited) @executable_path/Frameworks";
				PRODUCT_BUNDLE_IDENTIFIER = "net.micnguyen.vector-test";
				PRODUCT_NAME = "$(TARGET_NAME)";
				SWIFT_VERSION = 4.0;
				TARGETED_DEVICE_FAMILY = "1,2";
			};
			name = Debug;
		};
		75BFAFF41EFB5EA6000D7781 /* Release */ = {
			isa = XCBuildConfiguration;
			buildSettings = {
				ASSETCATALOG_COMPILER_APPICON_NAME = AppIcon;
				DEVELOPMENT_TEAM = R858G3GQUV;
				INFOPLIST_FILE = vector_test/Info.plist;
				LD_RUNPATH_SEARCH_PATHS = "$(inherited) @executable_path/Frameworks";
				PRODUCT_BUNDLE_IDENTIFIER = "net.micnguyen.vector-test";
				PRODUCT_NAME = "$(TARGET_NAME)";
				SWIFT_VERSION = 4.0;
				TARGETED_DEVICE_FAMILY = "1,2";
			};
			name = Release;
		};
/* End XCBuildConfiguration section */

/* Begin XCConfigurationList section */
		75BFAFDB1EFB5EA6000D7781 /* Build configuration list for PBXProject "vector_test" */ = {
			isa = XCConfigurationList;
			buildConfigurations = (
				75BFAFF01EFB5EA6000D7781 /* Debug */,
				75BFAFF11EFB5EA6000D7781 /* Release */,
			);
			defaultConfigurationIsVisible = 0;
			defaultConfigurationName = Release;
		};
		75BFAFF21EFB5EA6000D7781 /* Build configuration list for PBXNativeTarget "vector_test" */ = {
			isa = XCConfigurationList;
			buildConfigurations = (
				75BFAFF31EFB5EA6000D7781 /* Debug */,
				75BFAFF41EFB5EA6000D7781 /* Release */,
			);
			defaultConfigurationIsVisible = 0;
		};
/* End XCConfigurationList section */
	};
	rootObject = 75BFAFD81EFB5EA6000D7781 /* Project object */;
}
